
Microsoft Visual Studio Solution File, Format Version 12.00
# Visual Studio 2012
Project("{FAE04EC0-301F-11D3-BF4B-00C04F79EFBC}") = "Govan", "Govan\Govan.csproj", "{632C9E34-EC54-4C3F-990E-BA718BACCED8}"
EndProject
Project("{FAE04EC0-301F-11D3-BF4B-00C04F79EFBC}") = "Govan.Tests", "Govan.Tests\Govan.Tests.csproj", "{CEBC57B1-BE49-4052-A095-77EDE8EECC81}"
EndProject
Project("{2150E333-8FDC-42A3-9474-1A3956D46DE8}") = ".nuget", ".nuget", "{59649698-DFC4-40C0-9E53-DC9CB36E7087}"
	ProjectSection(SolutionItems) = preProject
		.nuget\NuGet.Config = .nuget\NuGet.Config
		.nuget\NuGet.exe = .nuget\NuGet.exe
		.nuget\NuGet.targets = .nuget\NuGet.targets
	EndProjectSection
EndProject
Project("{2150E333-8FDC-42A3-9474-1A3956D46DE8}") = "Solution Items", "Solution Items", "{0C663207-1E65-4C1A-AF2F-6EBE1240F5C6}"
	ProjectSection(SolutionItems) = preProject
		Settings.StyleCop = Settings.StyleCop
	EndProjectSection
EndProject
Project("{FAE04EC0-301F-11D3-BF4B-00C04F79EFBC}") = "Govan.MachineDependentTests", "Govan.MachineDependentTests\Govan.MachineDependentTests.csproj", "{A1C1FE2D-67F9-4B38-9D08-1D7CEF07446C}"
EndProject
Global
	GlobalSection(SolutionConfigurationPlatforms) = preSolution
		Debug|Any CPU = Debug|Any CPU
		Release|Any CPU = Release|Any CPU
	EndGlobalSection
	GlobalSection(ProjectConfigurationPlatforms) = postSolution
		{632C9E34-EC54-4C3F-990E-BA718BACCED8}.Debug|Any CPU.ActiveCfg = Debug|Any CPU
		{632C9E34-EC54-4C3F-990E-BA718BACCED8}.Debug|Any CPU.Build.0 = Debug|Any CPU
		{632C9E34-EC54-4C3F-990E-BA718BACCED8}.Release|Any CPU.ActiveCfg = Release|Any CPU
		{632C9E34-EC54-4C3F-990E-BA718BACCED8}.Release|Any CPU.Build.0 = Release|Any CPU
		{CEBC57B1-BE49-4052-A095-77EDE8EECC81}.Debug|Any CPU.ActiveCfg = Debug|Any CPU
		{CEBC57B1-BE49-4052-A095-77EDE8EECC81}.Debug|Any CPU.Build.0 = Debug|Any CPU
		{CEBC57B1-BE49-4052-A095-77EDE8EECC81}.Release|Any CPU.ActiveCfg = Release|Any CPU
		{CEBC57B1-BE49-4052-A095-77EDE8EECC81}.Release|Any CPU.Build.0 = Release|Any CPU
		{A1C1FE2D-67F9-4B38-9D08-1D7CEF07446C}.Debug|Any CPU.ActiveCfg = Debug|Any CPU
		{A1C1FE2D-67F9-4B38-9D08-1D7CEF07446C}.Debug|Any CPU.Build.0 = Debug|Any CPU
		{A1C1FE2D-67F9-4B38-9D08-1D7CEF07446C}.Release|Any CPU.ActiveCfg = Release|Any CPU
		{A1C1FE2D-67F9-4B38-9D08-1D7CEF07446C}.Release|Any CPU.Build.0 = Release|Any CPU
	EndGlobalSection
	GlobalSection(SolutionProperties) = preSolution
		HideSolutionNode = FALSE
	EndGlobalSection
EndGlobal
